# This file is automatically @generated by Cargo.
# It is not intended for manual editing.
version = 4

[[package]]
name = "socha"
version = "27.0.0"
dependencies = [
 "xml",
]

[[package]]
name = "xml"
version = "1.4.0"
source = "registry+https://github.com/rust-lang/crates.io-index"
checksum = "2f45bb2c13fec6a6cb4c0f76a7e94839e110a14ec803ec2940777a94c347bc52"
